// !$*UTF8*$!
{
	archiveVersion = 1;
	classes = {
	};
	objectVersion = 48;
	objects = {

/* Begin PBXBuildFile section */
		F5F8601A1FDF392600001E3A /* AppDelegate.swift in Sources */ = {isa = PBXBuildFile; fileRef = F5F860191FDF392600001E3A /* AppDelegate.swift */; };
		F5F8601C1FDF392600001E3A /* art.scnassets in Resources */ = {isa = PBXBuildFile; fileRef = F5F8601B1FDF392600001E3A /* art.scnassets */; };
		F5F8601E1FDF392600001E3A /* ViewController.swift in Sources */ = {isa = PBXBuildFile; fileRef = F5F8601D1FDF392600001E3A /* ViewController.swift */; };
		F5F860211FDF392600001E3A /* Main.storyboard in Resources */ = {isa = PBXBuildFile; fileRef = F5F8601F1FDF392600001E3A /* Main.storyboard */; };
		F5F860231FDF392600001E3A /* Assets.xcassets in Resources */ = {isa = PBXBuildFile; fileRef = F5F860221FDF392600001E3A /* Assets.xcassets */; };
		F5F860261FDF392600001E3A /* LaunchScreen.storyboard in Resources */ = {isa = PBXBuildFile; fileRef = F5F860241FDF392600001E3A /* LaunchScreen.storyboard */; };
		F5F860311FDF392600001E3A /* ARtextTests.swift in Sources */ = {isa = PBXBuildFile; fileRef = F5F860301FDF392600001E3A /* ARtextTests.swift */; };
		F5F8603C1FDF392600001E3A /* ARtextUITests.swift in Sources */ = {isa = PBXBuildFile; fileRef = F5F8603B1FDF392600001E3A /* ARtextUITests.swift */; };
/* End PBXBuildFile section */

/* Begin PBXContainerItemProxy section */
		F5F8602D1FDF392600001E3A /* PBXContainerItemProxy */ = {
			isa = PBXContainerItemProxy;
			containerPortal = F5F8600E1FDF392600001E3A /* Project object */;
			proxyType = 1;
			remoteGlobalIDString = F5F860151FDF392600001E3A;
			remoteInfo = ARtext;
		};
		F5F860381FDF392600001E3A /* PBXContainerItemProxy */ = {
			isa = PBXContainerItemProxy;
			containerPortal = F5F8600E1FDF392600001E3A /* Project object */;
			proxyType = 1;
			remoteGlobalIDString = F5F860151FDF392600001E3A;
			remoteInfo = ARtext;
		};
/* End PBXContainerItemProxy section */

/* Begin PBXFileReference section */
		F5F860161FDF392600001E3A /* ARtext.app */ = {isa = PBXFileReference; explicitFileType = wrapper.application; includeInIndex = 0; path = ARtext.app; sourceTree = BUILT_PRODUCTS_DIR; };
		F5F860191FDF392600001E3A /* AppDelegate.swift */ = {isa = PBXFileReference; lastKnownFileType = sourcecode.swift; path = AppDelegate.swift; sourceTree = "<group>"; };
		F5F8601B1FDF392600001E3A /* art.scnassets */ = {isa = PBXFileReference; lastKnownFileType = wrapper.scnassets; path = art.scnassets; sourceTree = "<group>"; };
		F5F8601D1FDF392600001E3A /* ViewController.swift */ = {isa = PBXFileReference; lastKnownFileType = sourcecode.swift; path = ViewController.swift; sourceTree = "<group>"; };
		F5F860201FDF392600001E3A /* Base */ = {isa = PBXFileReference; lastKnownFileType = file.storyboard; name = Base; path = Base.lproj/Main.storyboard; sourceTree = "<group>"; };
		F5F860221FDF392600001E3A /* Assets.xcassets */ = {isa = PBXFileReference; lastKnownFileType = folder.assetcatalog; path = Assets.xcassets; sourceTree = "<group>"; };
		F5F860251FDF392600001E3A /* Base */ = {isa = PBXFileReference; lastKnownFileType = file.storyboard; name = Base; path = Base.lproj/LaunchScreen.storyboard; sourceTree = "<group>"; };
		F5F860271FDF392600001E3A /* Info.plist */ = {isa = PBXFileReference; lastKnownFileType = text.plist.xml; path = Info.plist; sourceTree = "<group>"; };
		F5F8602C1FDF392600001E3A /* ARtextTests.xctest */ = {isa = PBXFileReference; explicitFileType = wrapper.cfbundle; includeInIndex = 0; path = ARtextTests.xctest; sourceTree = BUILT_PRODUCTS_DIR; };
		F5F860301FDF392600001E3A /* ARtextTests.swift */ = {isa = PBXFileReference; lastKnownFileType = sourcecode.swift; path = ARtextTests.swift; sourceTree = "<group>"; };
		F5F860321FDF392600001E3A /* Info.plist */ = {isa = PBXFileReference; lastKnownFileType = text.plist.xml; path = Info.plist; sourceTree = "<group>"; };
		F5F860371FDF392600001E3A /* ARtextUITests.xctest */ = {isa = PBXFileReference; explicitFileType = wrapper.cfbundle; includeInIndex = 0; path = ARtextUITests.xctest; sourceTree = BUILT_PRODUCTS_DIR; };
		F5F8603B1FDF392600001E3A /* ARtextUITests.swift */ = {isa = PBXFileReference; lastKnownFileType = sourcecode.swift; path = ARtextUITests.swift; sourceTree = "<group>"; };
		F5F8603D1FDF392600001E3A /* Info.plist */ = {isa = PBXFileReference; lastKnownFileType = text.plist.xml; path = Info.plist; sourceTree = "<group>"; };
/* End PBXFileReference section */

/* Begin PBXFrameworksBuildPhase section */
		F5F860131FDF392600001E3A /* Frameworks */ = {
			isa = PBXFrameworksBuildPhase;
			buildActionMask = 2147483647;
			files = (
			);
			runOnlyForDeploymentPostprocessing = 0;
		};
		F5F860291FDF392600001E3A /* Frameworks */ = {
			isa = PBXFrameworksBuildPhase;
			buildActionMask = 2147483647;
			files = (
			);
			runOnlyForDeploymentPostprocessing = 0;
		};
		F5F860341FDF392600001E3A /* Frameworks */ = {
			isa = PBXFrameworksBuildPhase;
			buildActionMask = 2147483647;
			files = (
			);
			runOnlyForDeploymentPostprocessing = 0;
		};
/* End PBXFrameworksBuildPhase section */

/* Begin PBXGroup section */
		F5F8600D1FDF392600001E3A = {
			isa = PBXGroup;
			children = (
				F5F860181FDF392600001E3A /* ARtext */,
				F5F8602F1FDF392600001E3A /* ARtextTests */,
				F5F8603A1FDF392600001E3A /* ARtextUITests */,
				F5F860171FDF392600001E3A /* Products */,
			);
			sourceTree = "<group>";
		};
		F5F860171FDF392600001E3A /* Products */ = {
			isa = PBXGroup;
			children = (
				F5F860161FDF392600001E3A /* ARtext.app */,
				F5F8602C1FDF392600001E3A /* ARtextTests.xctest */,
				F5F860371FDF392600001E3A /* ARtextUITests.xctest */,
			);
			name = Products;
			sourceTree = "<group>";
		};
		F5F860181FDF392600001E3A /* ARtext */ = {
			isa = PBXGroup;
			children = (
				F5F860191FDF392600001E3A /* AppDelegate.swift */,
				F5F8601B1FDF392600001E3A /* art.scnassets */,
				F5F8601D1FDF392600001E3A /* ViewController.swift */,
				F5F8601F1FDF392600001E3A /* Main.storyboard */,
				F5F860221FDF392600001E3A /* Assets.xcassets */,
				F5F860241FDF392600001E3A /* LaunchScreen.storyboard */,
				F5F860271FDF392600001E3A /* Info.plist */,
			);
			path = ARtext;
			sourceTree = "<group>";
		};
		F5F8602F1FDF392600001E3A /* ARtextTests */ = {
			isa = PBXGroup;
			children = (
				F5F860301FDF392600001E3A /* ARtextTests.swift */,
				F5F860321FDF392600001E3A /* Info.plist */,
			);
			path = ARtextTests;
			sourceTree = "<group>";
		};
		F5F8603A1FDF392600001E3A /* ARtextUITests */ = {
			isa = PBXGroup;
			children = (
				F5F8603B1FDF392600001E3A /* ARtextUITests.swift */,
				F5F8603D1FDF392600001E3A /* Info.plist */,
			);
			path = ARtextUITests;
			sourceTree = "<group>";
		};
/* End PBXGroup section */

/* Begin PBXNativeTarget section */
		F5F860151FDF392600001E3A /* ARtext */ = {
			isa = PBXNativeTarget;
			buildConfigurationList = F5F860401FDF392600001E3A /* Build configuration list for PBXNativeTarget "ARtext" */;
			buildPhases = (
				F5F860121FDF392600001E3A /* Sources */,
				F5F860131FDF392600001E3A /* Frameworks */,
				F5F860141FDF392600001E3A /* Resources */,
			);
			buildRules = (
			);
			dependencies = (
			);
			name = ARtext;
			productName = ARtext;
			productReference = F5F860161FDF392600001E3A /* ARtext.app */;
			productType = "com.apple.product-type.application";
		};
		F5F8602B1FDF392600001E3A /* ARtextTests */ = {
			isa = PBXNativeTarget;
			buildConfigurationList = F5F860431FDF392600001E3A /* Build configuration list for PBXNativeTarget "ARtextTests" */;
			buildPhases = (
				F5F860281FDF392600001E3A /* Sources */,
				F5F860291FDF392600001E3A /* Frameworks */,
				F5F8602A1FDF392600001E3A /* Resources */,
			);
			buildRules = (
			);
			dependencies = (
				F5F8602E1FDF392600001E3A /* PBXTargetDependency */,
			);
			name = ARtextTests;
			productName = ARtextTests;
			productReference = F5F8602C1FDF392600001E3A /* ARtextTests.xctest */;
			productType = "com.apple.product-type.bundle.unit-test";
		};
		F5F860361FDF392600001E3A /* ARtextUITests */ = {
			isa = PBXNativeTarget;
			buildConfigurationList = F5F860461FDF392600001E3A /* Build configuration list for PBXNativeTarget "ARtextUITests" */;
			buildPhases = (
				F5F860331FDF392600001E3A /* Sources */,
				F5F860341FDF392600001E3A /* Frameworks */,
				F5F860351FDF392600001E3A /* Resources */,
			);
			buildRules = (
			);
			dependencies = (
				F5F860391FDF392600001E3A /* PBXTargetDependency */,
			);
			name = ARtextUITests;
			productName = ARtextUITests;
			productReference = F5F860371FDF392600001E3A /* ARtextUITests.xctest */;
			productType = "com.apple.product-type.bundle.ui-testing";
		};
/* End PBXNativeTarget section */

/* Begin PBXProject section */
		F5F8600E1FDF392600001E3A /* Project object */ = {
			isa = PBXProject;
			attributes = {
				LastSwiftUpdateCheck = 0920;
				LastUpgradeCheck = 0920;
				ORGANIZATIONNAME = "Trevor Satterwhite";
				TargetAttributes = {
					F5F860151FDF392600001E3A = {
						CreatedOnToolsVersion = 9.2;
						ProvisioningStyle = Automatic;
					};
					F5F8602B1FDF392600001E3A = {
						CreatedOnToolsVersion = 9.2;
						ProvisioningStyle = Automatic;
						TestTargetID = F5F860151FDF392600001E3A;
					};
					F5F860361FDF392600001E3A = {
						CreatedOnToolsVersion = 9.2;
						ProvisioningStyle = Automatic;
						TestTargetID = F5F860151FDF392600001E3A;
					};
				};
			};
			buildConfigurationList = F5F860111FDF392600001E3A /* Build configuration list for PBXProject "ARtext" */;
			compatibilityVersion = "Xcode 8.0";
			developmentRegion = en;
			hasScannedForEncodings = 0;
			knownRegions = (
				en,
				Base,
			);
			mainGroup = F5F8600D1FDF392600001E3A;
			productRefGroup = F5F860171FDF392600001E3A /* Products */;
			projectDirPath = "";
			projectRoot = "";
			targets = (
				F5F860151FDF392600001E3A /* ARtext */,
				F5F8602B1FDF392600001E3A /* ARtextTests */,
				F5F860361FDF392600001E3A /* ARtextUITests */,
			);
		};
/* End PBXProject section */

/* Begin PBXResourcesBuildPhase section */
		F5F860141FDF392600001E3A /* Resources */ = {
			isa = PBXResourcesBuildPhase;
			buildActionMask = 2147483647;
			files = (
				F5F8601C1FDF392600001E3A /* art.scnassets in Resources */,
				F5F860261FDF392600001E3A /* LaunchScreen.storyboard in Resources */,
				F5F860231FDF392600001E3A /* Assets.xcassets in Resources */,
				F5F860211FDF392600001E3A /* Main.storyboard in Resources */,
			);
			runOnlyForDeploymentPostprocessing = 0;
		};
		F5F8602A1FDF392600001E3A /* Resources */ = {
			isa = PBXResourcesBuildPhase;
			buildActionMask = 2147483647;
			files = (
			);
			runOnlyForDeploymentPostprocessing = 0;
		};
		F5F860351FDF392600001E3A /* Resources */ = {
			isa = PBXResourcesBuildPhase;
			buildActionMask = 2147483647;
			files = (
			);
			runOnlyForDeploymentPostprocessing = 0;
		};
/* End PBXResourcesBuildPhase section */

/* Begin PBXSourcesBuildPhase section */
		F5F860121FDF392600001E3A /* Sources */ = {
			isa = PBXSourcesBuildPhase;
			buildActionMask = 2147483647;
			files = (
				F5F8601E1FDF392600001E3A /* ViewController.swift in Sources */,
				F5F8601A1FDF392600001E3A /* AppDelegate.swift in Sources */,
			);
			runOnlyForDeploymentPostprocessing = 0;
		};
		F5F860281FDF392600001E3A /* Sources */ = {
			isa = PBXSourcesBuildPhase;
			buildActionMask = 2147483647;
			files = (
				F5F860311FDF392600001E3A /* ARtextTests.swift in Sources */,
			);
			runOnlyForDeploymentPostprocessing = 0;
		};
		F5F860331FDF392600001E3A /* Sources */ = {
			isa = PBXSourcesBuildPhase;
			buildActionMask = 2147483647;
			files = (
				F5F8603C1FDF392600001E3A /* ARtextUITests.swift in Sources */,
			);
			runOnlyForDeploymentPostprocessing = 0;
		};
/* End PBXSourcesBuildPhase section */

/* Begin PBXTargetDependency section */
		F5F8602E1FDF392600001E3A /* PBXTargetDependency */ = {
			isa = PBXTargetDependency;
			target = F5F860151FDF392600001E3A /* ARtext */;
			targetProxy = F5F8602D1FDF392600001E3A /* PBXContainerItemProxy */;
		};
		F5F860391FDF392600001E3A /* PBXTargetDependency */ = {
			isa = PBXTargetDependency;
			target = F5F860151FDF392600001E3A /* ARtext */;
			targetProxy = F5F860381FDF392600001E3A /* PBXContainerItemProxy */;
		};
/* End PBXTargetDependency section */

/* Begin PBXVariantGroup section */
		F5F8601F1FDF392600001E3A /* Main.storyboard */ = {
			isa = PBXVariantGroup;
			children = (
				F5F860201FDF392600001E3A /* Base */,
			);
			name = Main.storyboard;
			sourceTree = "<group>";
		};
		F5F860241FDF392600001E3A /* LaunchScreen.storyboard */ = {
			isa = PBXVariantGroup;
			children = (
				F5F860251FDF392600001E3A /* Base */,
			);
			name = LaunchScreen.storyboard;
			sourceTree = "<group>";
		};
/* End PBXVariantGroup section */

/* Begin XCBuildConfiguration section */
		F5F8603E1FDF392600001E3A /* Debug */ = {
			isa = XCBuildConfiguration;
			buildSettings = {
				ALWAYS_SEARCH_USER_PATHS = NO;
				CLANG_ANALYZER_NONNULL = YES;
				CLANG_ANALYZER_NUMBER_OBJECT_CONVERSION = YES_AGGRESSIVE;
				CLANG_CXX_LANGUAGE_STANDARD = "gnu++14";
				CLANG_CXX_LIBRARY = "libc++";
				CLANG_ENABLE_MODULES = YES;
				CLANG_ENABLE_OBJC_ARC = YES;
				CLANG_WARN_BLOCK_CAPTURE_AUTORELEASING = YES;
				CLANG_WARN_BOOL_CONVERSION = YES;
				CLANG_WARN_COMMA = YES;
				CLANG_WARN_CONSTANT_CONVERSION = YES;
				CLANG_WARN_DIRECT_OBJC_ISA_USAGE = YES_ERROR;
				CLANG_WARN_DOCUMENTATION_COMMENTS = YES;
				CLANG_WARN_EMPTY_BODY = YES;
				CLANG_WARN_ENUM_CONVERSION = YES;
				CLANG_WARN_INFINITE_RECURSION = YES;
				CLANG_WARN_INT_CONVERSION = YES;
				CLANG_WARN_NON_LITERAL_NULL_CONVERSION = YES;
				CLANG_WARN_OBJC_LITERAL_CONVERSION = YES;
				CLANG_WARN_OBJC_ROOT_CLASS = YES_ERROR;
				CLANG_WARN_RANGE_LOOP_ANALYSIS = YES;
				CLANG_WARN_STRICT_PROTOTYPES = YES;
				CLANG_WARN_SUSPICIOUS_MOVE = YES;
				CLANG_WARN_UNGUARDED_AVAILABILITY = YES_AGGRESSIVE;
				CLANG_WARN_UNREACHABLE_CODE = YES;
				CLANG_WARN__DUPLICATE_METHOD_MATCH = YES;
				CODE_SIGN_IDENTITY = "iPhone Developer";
				COPY_PHASE_STRIP = NO;
				DEBUG_INFORMATION_FORMAT = dwarf;
				ENABLE_STRICT_OBJC_MSGSEND = YES;
				ENABLE_TESTABILITY = YES;
				GCC_C_LANGUAGE_STANDARD = gnu11;
				GCC_DYNAMIC_NO_PIC = NO;
				GCC_NO_COMMON_BLOCKS = YES;
				GCC_OPTIMIZATION_LEVEL = 0;
				GCC_PREPROCESSOR_DEFINITIONS = (
					"DEBUG=1",
					"$(inherited)",
				);
				GCC_WARN_64_TO_32_BIT_CONVERSION = YES;
				GCC_WARN_ABOUT_RETURN_TYPE = YES_ERROR;
				GCC_WARN_UNDECLARED_SELECTOR = YES;
				GCC_WARN_UNINITIALIZED_AUTOS = YES_AGGRESSIVE;
				GCC_WARN_UNUSED_FUNCTION = YES;
				GCC_WARN_UNUSED_VARIABLE = YES;
				IPHONEOS_DEPLOYMENT_TARGET = 11.2;
				MTL_ENABLE_DEBUG_INFO = YES;
				ONLY_ACTIVE_ARCH = YES;
				SDKROOT = iphoneos;
				SWIFT_ACTIVE_COMPILATION_CONDITIONS = DEBUG;
				SWIFT_OPTIMIZATION_LEVEL = "-Onone";
			};
			name = Debug;
		};
		F5F8603F1FDF392600001E3A /* Release */ = {
			isa = XCBuildConfiguration;
			buildSettings = {
				ALWAYS_SEARCH_USER_PATHS = NO;
				CLANG_ANALYZER_NONNULL = YES;
				CLANG_ANALYZER_NUMBER_OBJECT_CONVERSION = YES_AGGRESSIVE;
				CLANG_CXX_LANGUAGE_STANDARD = "gnu++14";
				CLANG_CXX_LIBRARY = "libc++";
				CLANG_ENABLE_MODULES = YES;
				CLANG_ENABLE_OBJC_ARC = YES;
				CLANG_WARN_BLOCK_CAPTURE_AUTORELEASING = YES;
				CLANG_WARN_BOOL_CONVERSION = YES;
				CLANG_WARN_COMMA = YES;
				CLANG_WARN_CONSTANT_CONVERSION = YES;
				CLANG_WARN_DIRECT_OBJC_ISA_USAGE = YES_ERROR;
				CLANG_WARN_DOCUMENTATION_COMMENTS = YES;
				CLANG_WARN_EMPTY_BODY = YES;
				CLANG_WARN_ENUM_CONVERSION = YES;
				CLANG_WARN_INFINITE_RECURSION = YES;
				CLANG_WARN_INT_CONVERSION = YES;
				CLANG_WARN_NON_LITERAL_NULL_CONVERSION = YES;
				CLANG_WARN_OBJC_LITERAL_CONVERSION = YES;
				CLANG_WARN_OBJC_ROOT_CLASS = YES_ERROR;
				CLANG_WARN_RANGE_LOOP_ANALYSIS = YES;
				CLANG_WARN_STRICT_PROTOTYPES = YES;
				CLANG_WARN_SUSPICIOUS_MOVE = YES;
				CLANG_WARN_UNGUARDED_AVAILABILITY = YES_AGGRESSIVE;
				CLANG_WARN_UNREACHABLE_CODE = YES;
				CLANG_WARN__DUPLICATE_METHOD_MATCH = YES;
				CODE_SIGN_IDENTITY = "iPhone Developer";
				COPY_PHASE_STRIP = NO;
				DEBUG_INFORMATION_FORMAT = "dwarf-with-dsym";
				ENABLE_NS_ASSERTIONS = NO;
				ENABLE_STRICT_OBJC_MSGSEND = YES;
				GCC_C_LANGUAGE_STANDARD = gnu11;
				GCC_NO_COMMON_BLOCKS = YES;
				GCC_WARN_64_TO_32_BIT_CONVERSION = YES;
				GCC_WARN_ABOUT_RETURN_TYPE = YES_ERROR;
				GCC_WARN_UNDECLARED_SELECTOR = YES;
				GCC_WARN_UNINITIALIZED_AUTOS = YES_AGGRESSIVE;
				GCC_WARN_UNUSED_FUNCTION = YES;
				GCC_WARN_UNUSED_VARIABLE = YES;
				IPHONEOS_DEPLOYMENT_TARGET = 11.2;
				MTL_ENABLE_DEBUG_INFO = NO;
				SDKROOT = iphoneos;
				SWIFT_OPTIMIZATION_LEVEL = "-Owholemodule";
				VALIDATE_PRODUCT = YES;
			};
			name = Release;
		};
		F5F860411FDF392600001E3A /* Debug */ = {
			isa = XCBuildConfiguration;
			buildSettings = {
				ASSETCATALOG_COMPILER_APPICON_NAME = AppIcon;
				CODE_SIGN_STYLE = Automatic;
				DEVELOPMENT_TEAM = AVCB4G6QWT;
				INFOPLIST_FILE = ARtext/Info.plist;
				LD_RUNPATH_SEARCH_PATHS = "$(inherited) @executable_path/Frameworks";
				PRODUCT_BUNDLE_IDENTIFIER = Artext.ARtext;
				PRODUCT_NAME = "$(TARGET_NAME)";
				SWIFT_VERSION = 4.0;
				TARGETED_DEVICE_FAMILY = "1,2";
			};
			name = Debug;
		};
		F5F860421FDF392600001E3A /* Release */ = {
			isa = XCBuildConfiguration;
			buildSettings = {
				ASSETCATALOG_COMPILER_APPICON_NAME = AppIcon;
				CODE_SIGN_STYLE = Automatic;
				DEVELOPMENT_TEAM = AVCB4G6QWT;
				INFOPLIST_FILE = ARtext/Info.plist;
				LD_RUNPATH_SEARCH_PATHS = "$(inherited) @executable_path/Frameworks";
				PRODUCT_BUNDLE_IDENTIFIER = Artext.ARtext;
				PRODUCT_NAME = "$(TARGET_NAME)";
				SWIFT_VERSION = 4.0;
				TARGETED_DEVICE_FAMILY = "1,2";
			};
			name = Release;
		};
		F5F860441FDF392600001E3A /* Debug */ = {
			isa = XCBuildConfiguration;
			buildSettings = {
				ALWAYS_EMBED_SWIFT_STANDARD_LIBRARIES = YES;
				BUNDLE_LOADER = "$(TEST_HOST)";
				CODE_SIGN_STYLE = Automatic;
				DEVELOPMENT_TEAM = AVCB4G6QWT;
				INFOPLIST_FILE = ARtextTests/Info.plist;
				LD_RUNPATH_SEARCH_PATHS = "$(inherited) @executable_path/Frameworks @loader_path/Frameworks";
				PRODUCT_BUNDLE_IDENTIFIER = Artext.ARtextTests;
				PRODUCT_NAME = "$(TARGET_NAME)";
				SWIFT_VERSION = 4.0;
				TARGETED_DEVICE_FAMILY = "1,2";
				TEST_HOST = "$(BUILT_PRODUCTS_DIR)/ARtext.app/ARtext";
			};
			name = Debug;
		};
		F5F860451FDF392600001E3A /* Release */ = {
			isa = XCBuildConfiguration;
			buildSettings = {
				ALWAYS_EMBED_SWIFT_STANDARD_LIBRARIES = YES;
				BUNDLE_LOADER = "$(TEST_HOST)";
				CODE_SIGN_STYLE = Automatic;
				DEVELOPMENT_TEAM = AVCB4G6QWT;
				INFOPLIST_FILE = ARtextTests/Info.plist;
				LD_RUNPATH_SEARCH_PATHS = "$(inherited) @executable_path/Frameworks @loader_path/Frameworks";
				PRODUCT_BUNDLE_IDENTIFIER = Artext.ARtextTests;
				PRODUCT_NAME = "$(TARGET_NAME)";
				SWIFT_VERSION = 4.0;
				TARGETED_DEVICE_FAMILY = "1,2";
				TEST_HOST = "$(BUILT_PRODUCTS_DIR)/ARtext.app/ARtext";
			};
			name = Release;
		};
		F5F860471FDF392600001E3A /* Debug */ = {
			isa = XCBuildConfiguration;
			buildSettings = {
				ALWAYS_EMBED_SWIFT_STANDARD_LIBRARIES = YES;
				CODE_SIGN_STYLE = Automatic;
				DEVELOPMENT_TEAM = AVCB4G6QWT;
				INFOPLIST_FILE = ARtextUITests/Info.plist;
				LD_RUNPATH_SEARCH_PATHS = "$(inherited) @executable_path/Frameworks @loader_path/Frameworks";
				PRODUCT_BUNDLE_IDENTIFIER = Artext.ARtextUITests;
				PRODUCT_NAME = "$(TARGET_NAME)";
				SWIFT_VERSION = 4.0;
				TARGETED_DEVICE_FAMILY = "1,2";
				TEST_TARGET_NAME = ARtext;
			};
			name = Debug;
		};
		F5F860481FDF392600001E3A /* Release */ = {
			isa = XCBuildConfiguration;
			buildSettings = {
				ALWAYS_EMBED_SWIFT_STANDARD_LIBRARIES = YES;
				CODE_SIGN_STYLE = Automatic;
				DEVELOPMENT_TEAM = AVCB4G6QWT;
				INFOPLIST_FILE = ARtextUITests/Info.plist;
				LD_RUNPATH_SEARCH_PATHS = "$(inherited) @executable_path/Frameworks @loader_path/Frameworks";
				PRODUCT_BUNDLE_IDENTIFIER = Artext.ARtextUITests;
				PRODUCT_NAME = "$(TARGET_NAME)";
				SWIFT_VERSION = 4.0;
				TARGETED_DEVICE_FAMILY = "1,2";
				TEST_TARGET_NAME = ARtext;
			};
			name = Release;
		};
/* End XCBuildConfiguration section */

/* Begin XCConfigurationList section */
		F5F860111FDF392600001E3A /* Build configuration list for PBXProject "ARtext" */ = {
			isa = XCConfigurationList;
			buildConfigurations = (
				F5F8603E1FDF392600001E3A /* Debug */,
				F5F8603F1FDF392600001E3A /* Release */,
			);
			defaultConfigurationIsVisible = 0;
			defaultConfigurationName = Release;
		};
		F5F860401FDF392600001E3A /* Build configuration list for PBXNativeTarget "ARtext" */ = {
			isa = XCConfigurationList;
			buildConfigurations = (
				F5F860411FDF392600001E3A /* Debug */,
				F5F860421FDF392600001E3A /* Release */,
			);
			defaultConfigurationIsVisible = 0;
			defaultConfigurationName = Release;
		};
		F5F860431FDF392600001E3A /* Build configuration list for PBXNativeTarget "ARtextTests" */ = {
			isa = XCConfigurationList;
			buildConfigurations = (
				F5F860441FDF392600001E3A /* Debug */,
				F5F860451FDF392600001E3A /* Release */,
			);
			defaultConfigurationIsVisible = 0;
			defaultConfigurationName = Release;
		};
		F5F860461FDF392600001E3A /* Build configuration list for PBXNativeTarget "ARtextUITests" */ = {
			isa = XCConfigurationList;
			buildConfigurations = (
				F5F860471FDF392600001E3A /* Debug */,
				F5F860481FDF392600001E3A /* Release */,
			);
			defaultConfigurationIsVisible = 0;
			defaultConfigurationName = Release;
		};
/* End XCConfigurationList section */
	};
	rootObject = F5F8600E1FDF392600001E3A /* Project object */;
}
